
Microsoft Visual Studio Solution File, Format Version 12.00
# Visual Studio 15
VisualStudioVersion = 15.0.27130.2020
MinimumVisualStudioVersion = 10.0.40219.1
Project("{FAE04EC0-301F-11D3-BF4B-00C04F79EFBC}") = "XamarinMVVM.Android", "XamarinMVVM\XamarinMVVM.Android\XamarinMVVM.Android.csproj", "{2A038C26-A847-4A81-A38B-8039D1F1A4FF}"
EndProject
Project("{FAE04EC0-301F-11D3-BF4B-00C04F79EFBC}") = "XamarinMVVM.iOS", "XamarinMVVM\XamarinMVVM.iOS\XamarinMVVM.iOS.csproj", "{8D66B802-4A46-47E7-B347-CEC7E5D81343}"
EndProject
Project("{FAE04EC0-301F-11D3-BF4B-00C04F79EFBC}") = "XamarinMVVM.UWP", "XamarinMVVM\XamarinMVVM.UWP\XamarinMVVM.UWP.csproj", "{8DBC6E10-4A5D-463D-9344-4BB836C12FDC}"
EndProject
Project("{9A19103F-16F7-4668-BE54-9A1E7A4F7556}") = "XamarinMVVM", "XamarinMVVM\XamarinMVVM\XamarinMVVM.csproj", "{E481C72D-DFE6-4F88-A387-0721674E2B60}"
EndProject
Project("{FAE04EC0-301F-11D3-BF4B-00C04F79EFBC}") = "XamarinMVVM.Tests", "XamarinMVVM.Tests\XamarinMVVM.Tests.csproj", "{37E38FFB-1D30-40BE-BA8A-8EAB4B55635E}"
EndProject
Global
	GlobalSection(SolutionConfigurationPlatforms) = preSolution
		Ad-Hoc|Any CPU = Ad-Hoc|Any CPU
		Ad-Hoc|ARM = Ad-Hoc|ARM
		Ad-Hoc|iPhone = Ad-Hoc|iPhone
		Ad-Hoc|iPhoneSimulator = Ad-Hoc|iPhoneSimulator
		Ad-Hoc|x64 = Ad-Hoc|x64
		Ad-Hoc|x86 = Ad-Hoc|x86
		AppStore|Any CPU = AppStore|Any CPU
		AppStore|ARM = AppStore|ARM
		AppStore|iPhone = AppStore|iPhone
		AppStore|iPhoneSimulator = AppStore|iPhoneSimulator
		AppStore|x64 = AppStore|x64
		AppStore|x86 = AppStore|x86
		Debug|Any CPU = Debug|Any CPU
		Debug|ARM = Debug|ARM
		Debug|iPhone = Debug|iPhone
		Debug|iPhoneSimulator = Debug|iPhoneSimulator
		Debug|x64 = Debug|x64
		Debug|x86 = Debug|x86
		Release|Any CPU = Release|Any CPU
		Release|ARM = Release|ARM
		Release|iPhone = Release|iPhone
		Release|iPhoneSimulator = Release|iPhoneSimulator
		Release|x64 = Release|x64
		Release|x86 = Release|x86
	EndGlobalSection
	GlobalSection(ProjectConfigurationPlatforms) = postSolution
		{2A038C26-A847-4A81-A38B-8039D1F1A4FF}.Ad-Hoc|Any CPU.ActiveCfg = Release|Any CPU
		{2A038C26-A847-4A81-A38B-8039D1F1A4FF}.Ad-Hoc|Any CPU.Build.0 = Release|Any CPU
		{2A038C26-A847-4A81-A38B-8039D1F1A4FF}.Ad-Hoc|Any CPU.Deploy.0 = Release|Any CPU
		{2A038C26-A847-4A81-A38B-8039D1F1A4FF}.Ad-Hoc|ARM.ActiveCfg = Release|Any CPU
		{2A038C26-A847-4A81-A38B-8039D1F1A4FF}.Ad-Hoc|ARM.Build.0 = Release|Any CPU
		{2A038C26-A847-4A81-A38B-8039D1F1A4FF}.Ad-Hoc|ARM.Deploy.0 = Release|Any CPU
		{2A038C26-A847-4A81-A38B-8039D1F1A4FF}.Ad-Hoc|iPhone.ActiveCfg = Release|Any CPU
		{2A038C26-A847-4A81-A38B-8039D1F1A4FF}.Ad-Hoc|iPhone.Build.0 = Release|Any CPU
		{2A038C26-A847-4A81-A38B-8039D1F1A4FF}.Ad-Hoc|iPhone.Deploy.0 = Release|Any CPU
		{2A038C26-A847-4A81-A38B-8039D1F1A4FF}.Ad-Hoc|iPhoneSimulator.ActiveCfg = Release|Any CPU
		{2A038C26-A847-4A81-A38B-8039D1F1A4FF}.Ad-Hoc|iPhoneSimulator.Build.0 = Release|Any CPU
		{2A038C26-A847-4A81-A38B-8039D1F1A4FF}.Ad-Hoc|iPhoneSimulator.Deploy.0 = Release|Any CPU
		{2A038C26-A847-4A81-A38B-8039D1F1A4FF}.Ad-Hoc|x64.ActiveCfg = Release|Any CPU
		{2A038C26-A847-4A81-A38B-8039D1F1A4FF}.Ad-Hoc|x64.Build.0 = Release|Any CPU
		{2A038C26-A847-4A81-A38B-8039D1F1A4FF}.Ad-Hoc|x64.Deploy.0 = Release|Any CPU
		{2A038C26-A847-4A81-A38B-8039D1F1A4FF}.Ad-Hoc|x86.ActiveCfg = Release|Any CPU
		{2A038C26-A847-4A81-A38B-8039D1F1A4FF}.Ad-Hoc|x86.Build.0 = Release|Any CPU
		{2A038C26-A847-4A81-A38B-8039D1F1A4FF}.Ad-Hoc|x86.Deploy.0 = Release|Any CPU
		{2A038C26-A847-4A81-A38B-8039D1F1A4FF}.AppStore|Any CPU.ActiveCfg = Release|Any CPU
		{2A038C26-A847-4A81-A38B-8039D1F1A4FF}.AppStore|Any CPU.Build.0 = Release|Any CPU
		{2A038C26-A847-4A81-A38B-8039D1F1A4FF}.AppStore|Any CPU.Deploy.0 = Release|Any CPU
		{2A038C26-A847-4A81-A38B-8039D1F1A4FF}.AppStore|ARM.ActiveCfg = Release|Any CPU
		{2A038C26-A847-4A81-A38B-8039D1F1A4FF}.AppStore|ARM.Build.0 = Release|Any CPU
		{2A038C26-A847-4A81-A38B-8039D1F1A4FF}.AppStore|ARM.Deploy.0 = Release|Any CPU
		{2A038C26-A847-4A81-A38B-8039D1F1A4FF}.AppStore|iPhone.ActiveCfg = Release|Any CPU
		{2A038C26-A847-4A81-A38B-8039D1F1A4FF}.AppStore|iPhone.Build.0 = Release|Any CPU
		{2A038C26-A847-4A81-A38B-8039D1F1A4FF}.AppStore|iPhone.Deploy.0 = Release|Any CPU
		{2A038C26-A847-4A81-A38B-8039D1F1A4FF}.AppStore|iPhoneSimulator.ActiveCfg = Release|Any CPU
		{2A038C26-A847-4A81-A38B-8039D1F1A4FF}.AppStore|iPhoneSimulator.Build.0 = Release|Any CPU
		{2A038C26-A847-4A81-A38B-8039D1F1A4FF}.AppStore|iPhoneSimulator.Deploy.0 = Release|Any CPU
		{2A038C26-A847-4A81-A38B-8039D1F1A4FF}.AppStore|x64.ActiveCfg = Release|Any CPU
		{2A038C26-A847-4A81-A38B-8039D1F1A4FF}.AppStore|x64.Build.0 = Release|Any CPU
		{2A038C26-A847-4A81-A38B-8039D1F1A4FF}.AppStore|x64.Deploy.0 = Release|Any CPU
		{2A038C26-A847-4A81-A38B-8039D1F1A4FF}.AppStore|x86.ActiveCfg = Release|Any CPU
		{2A038C26-A847-4A81-A38B-8039D1F1A4FF}.AppStore|x86.Build.0 = Release|Any CPU
		{2A038C26-A847-4A81-A38B-8039D1F1A4FF}.AppStore|x86.Deploy.0 = Release|Any CPU
		{2A038C26-A847-4A81-A38B-8039D1F1A4FF}.Debug|Any CPU.ActiveCfg = Debug|Any CPU
		{2A038C26-A847-4A81-A38B-8039D1F1A4FF}.Debug|Any CPU.Build.0 = Debug|Any CPU
		{2A038C26-A847-4A81-A38B-8039D1F1A4FF}.Debug|Any CPU.Deploy.0 = Debug|Any CPU
		{2A038C26-A847-4A81-A38B-8039D1F1A4FF}.Debug|ARM.ActiveCfg = Debug|Any CPU
		{2A038C26-A847-4A81-A38B-8039D1F1A4FF}.Debug|ARM.Build.0 = Debug|Any CPU
		{2A038C26-A847-4A81-A38B-8039D1F1A4FF}.Debug|ARM.Deploy.0 = Debug|Any CPU
		{2A038C26-A847-4A81-A38B-8039D1F1A4FF}.Debug|iPhone.ActiveCfg = Debug|Any CPU
		{2A038C26-A847-4A81-A38B-8039D1F1A4FF}.Debug|iPhone.Build.0 = Debug|Any CPU
		{2A038C26-A847-4A81-A38B-8039D1F1A4FF}.Debug|iPhone.Deploy.0 = Debug|Any CPU
		{2A038C26-A847-4A81-A38B-8039D1F1A4FF}.Debug|iPhoneSimulator.ActiveCfg = Debug|Any CPU
		{2A038C26-A847-4A81-A38B-8039D1F1A4FF}.Debug|iPhoneSimulator.Build.0 = Debug|Any CPU
		{2A038C26-A847-4A81-A38B-8039D1F1A4FF}.Debug|iPhoneSimulator.Deploy.0 = Debug|Any CPU
		{2A038C26-A847-4A81-A38B-8039D1F1A4FF}.Debug|x64.ActiveCfg = Debug|Any CPU
		{2A038C26-A847-4A81-A38B-8039D1F1A4FF}.Debug|x64.Build.0 = Debug|Any CPU
		{2A038C26-A847-4A81-A38B-8039D1F1A4FF}.Debug|x64.Deploy.0 = Debug|Any CPU
		{2A038C26-A847-4A81-A38B-8039D1F1A4FF}.Debug|x86.ActiveCfg = Debug|Any CPU
		{2A038C26-A847-4A81-A38B-8039D1F1A4FF}.Debug|x86.Build.0 = Debug|Any CPU
		{2A038C26-A847-4A81-A38B-8039D1F1A4FF}.Debug|x86.Deploy.0 = Debug|Any CPU
		{2A038C26-A847-4A81-A38B-8039D1F1A4FF}.Release|Any CPU.ActiveCfg = Release|Any CPU
		{2A038C26-A847-4A81-A38B-8039D1F1A4FF}.Release|Any CPU.Build.0 = Release|Any CPU
		{2A038C26-A847-4A81-A38B-8039D1F1A4FF}.Release|Any CPU.Deploy.0 = Release|Any CPU
		{2A038C26-A847-4A81-A38B-8039D1F1A4FF}.Release|ARM.ActiveCfg = Release|Any CPU
		{2A038C26-A847-4A81-A38B-8039D1F1A4FF}.Release|ARM.Build.0 = Release|Any CPU
		{2A038C26-A847-4A81-A38B-8039D1F1A4FF}.Release|ARM.Deploy.0 = Release|Any CPU
		{2A038C26-A847-4A81-A38B-8039D1F1A4FF}.Release|iPhone.ActiveCfg = Release|Any CPU
		{2A038C26-A847-4A81-A38B-8039D1F1A4FF}.Release|iPhone.Build.0 = Release|Any CPU
		{2A038C26-A847-4A81-A38B-8039D1F1A4FF}.Release|iPhone.Deploy.0 = Release|Any CPU
		{2A038C26-A847-4A81-A38B-8039D1F1A4FF}.Release|iPhoneSimulator.ActiveCfg = Release|Any CPU
		{2A038C26-A847-4A81-A38B-8039D1F1A4FF}.Release|iPhoneSimulator.Build.0 = Release|Any CPU
		{2A038C26-A847-4A81-A38B-8039D1F1A4FF}.Release|iPhoneSimulator.Deploy.0 = Release|Any CPU
		{2A038C26-A847-4A81-A38B-8039D1F1A4FF}.Release|x64.ActiveCfg = Release|Any CPU
		{2A038C26-A847-4A81-A38B-8039D1F1A4FF}.Release|x64.Build.0 = Release|Any CPU
		{2A038C26-A847-4A81-A38B-8039D1F1A4FF}.Release|x64.Deploy.0 = Release|Any CPU
		{2A038C26-A847-4A81-A38B-8039D1F1A4FF}.Release|x86.ActiveCfg = Release|Any CPU
		{2A038C26-A847-4A81-A38B-8039D1F1A4FF}.Release|x86.Build.0 = Release|Any CPU
		{2A038C26-A847-4A81-A38B-8039D1F1A4FF}.Release|x86.Deploy.0 = Release|Any CPU
		{8D66B802-4A46-47E7-B347-CEC7E5D81343}.Ad-Hoc|Any CPU.ActiveCfg = Ad-Hoc|iPhone
		{8D66B802-4A46-47E7-B347-CEC7E5D81343}.Ad-Hoc|ARM.ActiveCfg = Ad-Hoc|iPhone
		{8D66B802-4A46-47E7-B347-CEC7E5D81343}.Ad-Hoc|iPhone.ActiveCfg = Ad-Hoc|iPhone
		{8D66B802-4A46-47E7-B347-CEC7E5D81343}.Ad-Hoc|iPhone.Build.0 = Ad-Hoc|iPhone
		{8D66B802-4A46-47E7-B347-CEC7E5D81343}.Ad-Hoc|iPhoneSimulator.ActiveCfg = Ad-Hoc|iPhoneSimulator
		{8D66B802-4A46-47E7-B347-CEC7E5D81343}.Ad-Hoc|iPhoneSimulator.Build.0 = Ad-Hoc|iPhoneSimulator
		{8D66B802-4A46-47E7-B347-CEC7E5D81343}.Ad-Hoc|x64.ActiveCfg = Ad-Hoc|iPhone
		{8D66B802-4A46-47E7-B347-CEC7E5D81343}.Ad-Hoc|x86.ActiveCfg = Ad-Hoc|iPhone
		{8D66B802-4A46-47E7-B347-CEC7E5D81343}.AppStore|Any CPU.ActiveCfg = AppStore|iPhone
		{8D66B802-4A46-47E7-B347-CEC7E5D81343}.AppStore|ARM.ActiveCfg = AppStore|iPhone
		{8D66B802-4A46-47E7-B347-CEC7E5D81343}.AppStore|iPhone.ActiveCfg = AppStore|iPhone
		{8D66B802-4A46-47E7-B347-CEC7E5D81343}.AppStore|iPhone.Build.0 = AppStore|iPhone
		{8D66B802-4A46-47E7-B347-CEC7E5D81343}.AppStore|iPhoneSimulator.ActiveCfg = AppStore|iPhoneSimulator
		{8D66B802-4A46-47E7-B347-CEC7E5D81343}.AppStore|iPhoneSimulator.Build.0 = AppStore|iPhoneSimulator
		{8D66B802-4A46-47E7-B347-CEC7E5D81343}.AppStore|x64.ActiveCfg = AppStore|iPhone
		{8D66B802-4A46-47E7-B347-CEC7E5D81343}.AppStore|x86.ActiveCfg = AppStore|iPhone
		{8D66B802-4A46-47E7-B347-CEC7E5D81343}.Debug|Any CPU.ActiveCfg = Debug|iPhone
		{8D66B802-4A46-47E7-B347-CEC7E5D81343}.Debug|ARM.ActiveCfg = Debug|iPhone
		{8D66B802-4A46-47E7-B347-CEC7E5D81343}.Debug|iPhone.ActiveCfg = Debug|iPhone
		{8D66B802-4A46-47E7-B347-CEC7E5D81343}.Debug|iPhone.Build.0 = Debug|iPhone
		{8D66B802-4A46-47E7-B347-CEC7E5D81343}.Debug|iPhoneSimulator.ActiveCfg = Debug|iPhoneSimulator
		{8D66B802-4A46-47E7-B347-CEC7E5D81343}.Debug|iPhoneSimulator.Build.0 = Debug|iPhoneSimulator
		{8D66B802-4A46-47E7-B347-CEC7E5D81343}.Debug|x64.ActiveCfg = Debug|iPhone
		{8D66B802-4A46-47E7-B347-CEC7E5D81343}.Debug|x86.ActiveCfg = Debug|iPhone
		{8D66B802-4A46-47E7-B347-CEC7E5D81343}.Release|Any CPU.ActiveCfg = Release|iPhone
		{8D66B802-4A46-47E7-B347-CEC7E5D81343}.Release|ARM.ActiveCfg = Release|iPhone
		{8D66B802-4A46-47E7-B347-CEC7E5D81343}.Release|iPhone.ActiveCfg = Release|iPhone
		{8D66B802-4A46-47E7-B347-CEC7E5D81343}.Release|iPhone.Build.0 = Release|iPhone
		{8D66B802-4A46-47E7-B347-CEC7E5D81343}.Release|iPhoneSimulator.ActiveCfg = Release|iPhoneSimulator
		{8D66B802-4A46-47E7-B347-CEC7E5D81343}.Release|iPhoneSimulator.Build.0 = Release|iPhoneSimulator
		{8D66B802-4A46-47E7-B347-CEC7E5D81343}.Release|x64.ActiveCfg = Release|iPhone
		{8D66B802-4A46-47E7-B347-CEC7E5D81343}.Release|x86.ActiveCfg = Release|iPhone
		{8DBC6E10-4A5D-463D-9344-4BB836C12FDC}.Ad-Hoc|Any CPU.ActiveCfg = Release|x86
		{8DBC6E10-4A5D-463D-9344-4BB836C12FDC}.Ad-Hoc|Any CPU.Build.0 = Release|x86
		{8DBC6E10-4A5D-463D-9344-4BB836C12FDC}.Ad-Hoc|Any CPU.Deploy.0 = Release|x86
		{8DBC6E10-4A5D-463D-9344-4BB836C12FDC}.Ad-Hoc|ARM.ActiveCfg = Release|ARM
		{8DBC6E10-4A5D-463D-9344-4BB836C12FDC}.Ad-Hoc|ARM.Build.0 = Release|ARM
		{8DBC6E10-4A5D-463D-9344-4BB836C12FDC}.Ad-Hoc|ARM.Deploy.0 = Release|ARM
		{8DBC6E10-4A5D-463D-9344-4BB836C12FDC}.Ad-Hoc|iPhone.ActiveCfg = Release|x86
		{8DBC6E10-4A5D-463D-9344-4BB836C12FDC}.Ad-Hoc|iPhone.Build.0 = Release|x86
		{8DBC6E10-4A5D-463D-9344-4BB836C12FDC}.Ad-Hoc|iPhone.Deploy.0 = Release|x86
		{8DBC6E10-4A5D-463D-9344-4BB836C12FDC}.Ad-Hoc|iPhoneSimulator.ActiveCfg = Release|x86
		{8DBC6E10-4A5D-463D-9344-4BB836C12FDC}.Ad-Hoc|iPhoneSimulator.Build.0 = Release|x86
		{8DBC6E10-4A5D-463D-9344-4BB836C12FDC}.Ad-Hoc|iPhoneSimulator.Deploy.0 = Release|x86
		{8DBC6E10-4A5D-463D-9344-4BB836C12FDC}.Ad-Hoc|x64.ActiveCfg = Release|x64
		{8DBC6E10-4A5D-463D-9344-4BB836C12FDC}.Ad-Hoc|x64.Build.0 = Release|x64
		{8DBC6E10-4A5D-463D-9344-4BB836C12FDC}.Ad-Hoc|x64.Deploy.0 = Release|x64
		{8DBC6E10-4A5D-463D-9344-4BB836C12FDC}.Ad-Hoc|x86.ActiveCfg = Release|x86
		{8DBC6E10-4A5D-463D-9344-4BB836C12FDC}.Ad-Hoc|x86.Build.0 = Release|x86
		{8DBC6E10-4A5D-463D-9344-4BB836C12FDC}.Ad-Hoc|x86.Deploy.0 = Release|x86
		{8DBC6E10-4A5D-463D-9344-4BB836C12FDC}.AppStore|Any CPU.ActiveCfg = Release|x86
		{8DBC6E10-4A5D-463D-9344-4BB836C12FDC}.AppStore|Any CPU.Build.0 = Release|x86
		{8DBC6E10-4A5D-463D-9344-4BB836C12FDC}.AppStore|Any CPU.Deploy.0 = Release|x86
		{8DBC6E10-4A5D-463D-9344-4BB836C12FDC}.AppStore|ARM.ActiveCfg = Release|ARM
		{8DBC6E10-4A5D-463D-9344-4BB836C12FDC}.AppStore|ARM.Build.0 = Release|ARM
		{8DBC6E10-4A5D-463D-9344-4BB836C12FDC}.AppStore|ARM.Deploy.0 = Release|ARM
		{8DBC6E10-4A5D-463D-9344-4BB836C12FDC}.AppStore|iPhone.ActiveCfg = Release|x86
		{8DBC6E10-4A5D-463D-9344-4BB836C12FDC}.AppStore|iPhone.Build.0 = Release|x86
		{8DBC6E10-4A5D-463D-9344-4BB836C12FDC}.AppStore|iPhone.Deploy.0 = Release|x86
		{8DBC6E10-4A5D-463D-9344-4BB836C12FDC}.AppStore|iPhoneSimulator.ActiveCfg = Release|x86
		{8DBC6E10-4A5D-463D-9344-4BB836C12FDC}.AppStore|iPhoneSimulator.Build.0 = Release|x86
		{8DBC6E10-4A5D-463D-9344-4BB836C12FDC}.AppStore|iPhoneSimulator.Deploy.0 = Release|x86
		{8DBC6E10-4A5D-463D-9344-4BB836C12FDC}.AppStore|x64.ActiveCfg = Release|x64
		{8DBC6E10-4A5D-463D-9344-4BB836C12FDC}.AppStore|x64.Build.0 = Release|x64
		{8DBC6E10-4A5D-463D-9344-4BB836C12FDC}.AppStore|x64.Deploy.0 = Release|x64
		{8DBC6E10-4A5D-463D-9344-4BB836C12FDC}.AppStore|x86.ActiveCfg = Release|x86
		{8DBC6E10-4A5D-463D-9344-4BB836C12FDC}.AppStore|x86.Build.0 = Release|x86
		{8DBC6E10-4A5D-463D-9344-4BB836C12FDC}.AppStore|x86.Deploy.0 = Release|x86
		{8DBC6E10-4A5D-463D-9344-4BB836C12FDC}.Debug|Any CPU.ActiveCfg = Debug|x86
		{8DBC6E10-4A5D-463D-9344-4BB836C12FDC}.Debug|ARM.ActiveCfg = Debug|ARM
		{8DBC6E10-4A5D-463D-9344-4BB836C12FDC}.Debug|ARM.Build.0 = Debug|ARM
		{8DBC6E10-4A5D-463D-9344-4BB836C12FDC}.Debug|ARM.Deploy.0 = Debug|ARM
		{8DBC6E10-4A5D-463D-9344-4BB836C12FDC}.Debug|iPhone.ActiveCfg = Debug|x86
		{8DBC6E10-4A5D-463D-9344-4BB836C12FDC}.Debug|iPhoneSimulator.ActiveCfg = Debug|x86
		{8DBC6E10-4A5D-463D-9344-4BB836C12FDC}.Debug|x64.ActiveCfg = Debug|x64
		{8DBC6E10-4A5D-463D-9344-4BB836C12FDC}.Debug|x64.Build.0 = Debug|x64
		{8DBC6E10-4A5D-463D-9344-4BB836C12FDC}.Debug|x64.Deploy.0 = Debug|x64
		{8DBC6E10-4A5D-463D-9344-4BB836C12FDC}.Debug|x86.ActiveCfg = Debug|x86
		{8DBC6E10-4A5D-463D-9344-4BB836C12FDC}.Debug|x86.Build.0 = Debug|x86
		{8DBC6E10-4A5D-463D-9344-4BB836C12FDC}.Debug|x86.Deploy.0 = Debug|x86
		{8DBC6E10-4A5D-463D-9344-4BB836C12FDC}.Release|Any CPU.ActiveCfg = Release|x86
		{8DBC6E10-4A5D-463D-9344-4BB836C12FDC}.Release|ARM.ActiveCfg = Release|ARM
		{8DBC6E10-4A5D-463D-9344-4BB836C12FDC}.Release|ARM.Build.0 = Release|ARM
		{8DBC6E10-4A5D-463D-9344-4BB836C12FDC}.Release|ARM.Deploy.0 = Release|ARM
		{8DBC6E10-4A5D-463D-9344-4BB836C12FDC}.Release|iPhone.ActiveCfg = Release|x86
		{8DBC6E10-4A5D-463D-9344-4BB836C12FDC}.Release|iPhoneSimulator.ActiveCfg = Release|x86
		{8DBC6E10-4A5D-463D-9344-4BB836C12FDC}.Release|x64.ActiveCfg = Release|x64
		{8DBC6E10-4A5D-463D-9344-4BB836C12FDC}.Release|x64.Build.0 = Release|x64
		{8DBC6E10-4A5D-463D-9344-4BB836C12FDC}.Release|x64.Deploy.0 = Release|x64
		{8DBC6E10-4A5D-463D-9344-4BB836C12FDC}.Release|x86.ActiveCfg = Release|x86
		{8DBC6E10-4A5D-463D-9344-4BB836C12FDC}.Release|x86.Build.0 = Release|x86
		{8DBC6E10-4A5D-463D-9344-4BB836C12FDC}.Release|x86.Deploy.0 = Release|x86
		{E481C72D-DFE6-4F88-A387-0721674E2B60}.Ad-Hoc|Any CPU.ActiveCfg = Debug|Any CPU
		{E481C72D-DFE6-4F88-A387-0721674E2B60}.Ad-Hoc|Any CPU.Build.0 = Debug|Any CPU
		{E481C72D-DFE6-4F88-A387-0721674E2B60}.Ad-Hoc|ARM.ActiveCfg = Debug|Any CPU
		{E481C72D-DFE6-4F88-A387-0721674E2B60}.Ad-Hoc|ARM.Build.0 = Debug|Any CPU
		{E481C72D-DFE6-4F88-A387-0721674E2B60}.Ad-Hoc|iPhone.ActiveCfg = Debug|Any CPU
		{E481C72D-DFE6-4F88-A387-0721674E2B60}.Ad-Hoc|iPhone.Build.0 = Debug|Any CPU
		{E481C72D-DFE6-4F88-A387-0721674E2B60}.Ad-Hoc|iPhoneSimulator.ActiveCfg = Debug|Any CPU
		{E481C72D-DFE6-4F88-A387-0721674E2B60}.Ad-Hoc|iPhoneSimulator.Build.0 = Debug|Any CPU
		{E481C72D-DFE6-4F88-A387-0721674E2B60}.Ad-Hoc|x64.ActiveCfg = Debug|Any CPU
		{E481C72D-DFE6-4F88-A387-0721674E2B60}.Ad-Hoc|x64.Build.0 = Debug|Any CPU
		{E481C72D-DFE6-4F88-A387-0721674E2B60}.Ad-Hoc|x86.ActiveCfg = Debug|Any CPU
		{E481C72D-DFE6-4F88-A387-0721674E2B60}.Ad-Hoc|x86.Build.0 = Debug|Any CPU
		{E481C72D-DFE6-4F88-A387-0721674E2B60}.AppStore|Any CPU.ActiveCfg = Debug|Any CPU
		{E481C72D-DFE6-4F88-A387-0721674E2B60}.AppStore|Any CPU.Build.0 = Debug|Any CPU
		{E481C72D-DFE6-4F88-A387-0721674E2B60}.AppStore|ARM.ActiveCfg = Debug|Any CPU
		{E481C72D-DFE6-4F88-A387-0721674E2B60}.AppStore|ARM.Build.0 = Debug|Any CPU
		{E481C72D-DFE6-4F88-A387-0721674E2B60}.AppStore|iPhone.ActiveCfg = Debug|Any CPU
		{E481C72D-DFE6-4F88-A387-0721674E2B60}.AppStore|iPhone.Build.0 = Debug|Any CPU
		{E481C72D-DFE6-4F88-A387-0721674E2B60}.AppStore|iPhoneSimulator.ActiveCfg = Debug|Any CPU
		{E481C72D-DFE6-4F88-A387-0721674E2B60}.AppStore|iPhoneSimulator.Build.0 = Debug|Any CPU
		{E481C72D-DFE6-4F88-A387-0721674E2B60}.AppStore|x64.ActiveCfg = Debug|Any CPU
		{E481C72D-DFE6-4F88-A387-0721674E2B60}.AppStore|x64.Build.0 = Debug|Any CPU
		{E481C72D-DFE6-4F88-A387-0721674E2B60}.AppStore|x86.ActiveCfg = Debug|Any CPU
		{E481C72D-DFE6-4F88-A387-0721674E2B60}.AppStore|x86.Build.0 = Debug|Any CPU
		{E481C72D-DFE6-4F88-A387-0721674E2B60}.Debug|Any CPU.ActiveCfg = Debug|Any CPU
		{E481C72D-DFE6-4F88-A387-0721674E2B60}.Debug|Any CPU.Build.0 = Debug|Any CPU
		{E481C72D-DFE6-4F88-A387-0721674E2B60}.Debug|ARM.ActiveCfg = Debug|Any CPU
		{E481C72D-DFE6-4F88-A387-0721674E2B60}.Debug|ARM.Build.0 = Debug|Any CPU
		{E481C72D-DFE6-4F88-A387-0721674E2B60}.Debug|iPhone.ActiveCfg = Debug|Any CPU
		{E481C72D-DFE6-4F88-A387-0721674E2B60}.Debug|iPhone.Build.0 = Debug|Any CPU
		{E481C72D-DFE6-4F88-A387-0721674E2B60}.Debug|iPhoneSimulator.ActiveCfg = Debug|Any CPU
		{E481C72D-DFE6-4F88-A387-0721674E2B60}.Debug|iPhoneSimulator.Build.0 = Debug|Any CPU
		{E481C72D-DFE6-4F88-A387-0721674E2B60}.Debug|x64.ActiveCfg = Debug|Any CPU
		{E481C72D-DFE6-4F88-A387-0721674E2B60}.Debug|x64.Build.0 = Debug|Any CPU
		{E481C72D-DFE6-4F88-A387-0721674E2B60}.Debug|x86.ActiveCfg = Debug|Any CPU
		{E481C72D-DFE6-4F88-A387-0721674E2B60}.Debug|x86.Build.0 = Debug|Any CPU
		{E481C72D-DFE6-4F88-A387-0721674E2B60}.Release|Any CPU.ActiveCfg = Release|Any CPU
		{E481C72D-DFE6-4F88-A387-0721674E2B60}.Release|Any CPU.Build.0 = Release|Any CPU
		{E481C72D-DFE6-4F88-A387-0721674E2B60}.Release|ARM.ActiveCfg = Release|Any CPU
		{E481C72D-DFE6-4F88-A387-0721674E2B60}.Release|ARM.Build.0 = Release|Any CPU
		{E481C72D-DFE6-4F88-A387-0721674E2B60}.Release|iPhone.ActiveCfg = Release|Any CPU
		{E481C72D-DFE6-4F88-A387-0721674E2B60}.Release|iPhone.Build.0 = Release|Any CPU
		{E481C72D-DFE6-4F88-A387-0721674E2B60}.Release|iPhoneSimulator.ActiveCfg = Release|Any CPU
		{E481C72D-DFE6-4F88-A387-0721674E2B60}.Release|iPhoneSimulator.Build.0 = Release|Any CPU
		{E481C72D-DFE6-4F88-A387-0721674E2B60}.Release|x64.ActiveCfg = Release|Any CPU
		{E481C72D-DFE6-4F88-A387-0721674E2B60}.Release|x64.Build.0 = Release|Any CPU
		{E481C72D-DFE6-4F88-A387-0721674E2B60}.Release|x86.ActiveCfg = Release|Any CPU
		{E481C72D-DFE6-4F88-A387-0721674E2B60}.Release|x86.Build.0 = Release|Any CPU
		{37E38FFB-1D30-40BE-BA8A-8EAB4B55635E}.Ad-Hoc|Any CPU.ActiveCfg = Debug|Any CPU
		{37E38FFB-1D30-40BE-BA8A-8EAB4B55635E}.Ad-Hoc|Any CPU.Build.0 = Debug|Any CPU
		{37E38FFB-1D30-40BE-BA8A-8EAB4B55635E}.Ad-Hoc|ARM.ActiveCfg = Debug|Any CPU
		{37E38FFB-1D30-40BE-BA8A-8EAB4B55635E}.Ad-Hoc|ARM.Build.0 = Debug|Any CPU
		{37E38FFB-1D30-40BE-BA8A-8EAB4B55635E}.Ad-Hoc|iPhone.ActiveCfg = Debug|Any CPU
		{37E38FFB-1D30-40BE-BA8A-8EAB4B55635E}.Ad-Hoc|iPhone.Build.0 = Debug|Any CPU
		{37E38FFB-1D30-40BE-BA8A-8EAB4B55635E}.Ad-Hoc|iPhoneSimulator.ActiveCfg = Debug|Any CPU
		{37E38FFB-1D30-40BE-BA8A-8EAB4B55635E}.Ad-Hoc|iPhoneSimulator.Build.0 = Debug|Any CPU
		{37E38FFB-1D30-40BE-BA8A-8EAB4B55635E}.Ad-Hoc|x64.ActiveCfg = Debug|Any CPU
		{37E38FFB-1D30-40BE-BA8A-8EAB4B55635E}.Ad-Hoc|x64.Build.0 = Debug|Any CPU
		{37E38FFB-1D30-40BE-BA8A-8EAB4B55635E}.Ad-Hoc|x86.ActiveCfg = Debug|Any CPU
		{37E38FFB-1D30-40BE-BA8A-8EAB4B55635E}.Ad-Hoc|x86.Build.0 = Debug|Any CPU
		{37E38FFB-1D30-40BE-BA8A-8EAB4B55635E}.AppStore|Any CPU.ActiveCfg = Debug|Any CPU
		{37E38FFB-1D30-40BE-BA8A-8EAB4B55635E}.AppStore|Any CPU.Build.0 = Debug|Any CPU
		{37E38FFB-1D30-40BE-BA8A-8EAB4B55635E}.AppStore|ARM.ActiveCfg = Debug|Any CPU
		{37E38FFB-1D30-40BE-BA8A-8EAB4B55635E}.AppStore|ARM.Build.0 = Debug|Any CPU
		{37E38FFB-1D30-40BE-BA8A-8EAB4B55635E}.AppStore|iPhone.ActiveCfg = Debug|Any CPU
		{37E38FFB-1D30-40BE-BA8A-8EAB4B55635E}.AppStore|iPhone.Build.0 = Debug|Any CPU
		{37E38FFB-1D30-40BE-BA8A-8EAB4B55635E}.AppStore|iPhoneSimulator.ActiveCfg = Debug|Any CPU
		{37E38FFB-1D30-40BE-BA8A-8EAB4B55635E}.AppStore|iPhoneSimulator.Build.0 = Debug|Any CPU
		{37E38FFB-1D30-40BE-BA8A-8EAB4B55635E}.AppStore|x64.ActiveCfg = Debug|Any CPU
		{37E38FFB-1D30-40BE-BA8A-8EAB4B55635E}.AppStore|x64.Build.0 = Debug|Any CPU
		{37E38FFB-1D30-40BE-BA8A-8EAB4B55635E}.AppStore|x86.ActiveCfg = Debug|Any CPU
		{37E38FFB-1D30-40BE-BA8A-8EAB4B55635E}.AppStore|x86.Build.0 = Debug|Any CPU
		{37E38FFB-1D30-40BE-BA8A-8EAB4B55635E}.Debug|Any CPU.ActiveCfg = Debug|Any CPU
		{37E38FFB-1D30-40BE-BA8A-8EAB4B55635E}.Debug|Any CPU.Build.0 = Debug|Any CPU
		{37E38FFB-1D30-40BE-BA8A-8EAB4B55635E}.Debug|ARM.ActiveCfg = Debug|Any CPU
		{37E38FFB-1D30-40BE-BA8A-8EAB4B55635E}.Debug|ARM.Build.0 = Debug|Any CPU
		{37E38FFB-1D30-40BE-BA8A-8EAB4B55635E}.Debug|iPhone.ActiveCfg = Debug|Any CPU
		{37E38FFB-1D30-40BE-BA8A-8EAB4B55635E}.Debug|iPhone.Build.0 = Debug|Any CPU
		{37E38FFB-1D30-40BE-BA8A-8EAB4B55635E}.Debug|iPhoneSimulator.ActiveCfg = Debug|Any CPU
		{37E38FFB-1D30-40BE-BA8A-8EAB4B55635E}.Debug|iPhoneSimulator.Build.0 = Debug|Any CPU
		{37E38FFB-1D30-40BE-BA8A-8EAB4B55635E}.Debug|x64.ActiveCfg = Debug|Any CPU
		{37E38FFB-1D30-40BE-BA8A-8EAB4B55635E}.Debug|x64.Build.0 = Debug|Any CPU
		{37E38FFB-1D30-40BE-BA8A-8EAB4B55635E}.Debug|x86.ActiveCfg = Debug|Any CPU
		{37E38FFB-1D30-40BE-BA8A-8EAB4B55635E}.Debug|x86.Build.0 = Debug|Any CPU
		{37E38FFB-1D30-40BE-BA8A-8EAB4B55635E}.Release|Any CPU.ActiveCfg = Release|Any CPU
		{37E38FFB-1D30-40BE-BA8A-8EAB4B55635E}.Release|Any CPU.Build.0 = Release|Any CPU
		{37E38FFB-1D30-40BE-BA8A-8EAB4B55635E}.Release|ARM.ActiveCfg = Release|Any CPU
		{37E38FFB-1D30-40BE-BA8A-8EAB4B55635E}.Release|ARM.Build.0 = Release|Any CPU
		{37E38FFB-1D30-40BE-BA8A-8EAB4B55635E}.Release|iPhone.ActiveCfg = Release|Any CPU
		{37E38FFB-1D30-40BE-BA8A-8EAB4B55635E}.Release|iPhone.Build.0 = Release|Any CPU
		{37E38FFB-1D30-40BE-BA8A-8EAB4B55635E}.Release|iPhoneSimulator.ActiveCfg = Release|Any CPU
		{37E38FFB-1D30-40BE-BA8A-8EAB4B55635E}.Release|iPhoneSimulator.Build.0 = Release|Any CPU
		{37E38FFB-1D30-40BE-BA8A-8EAB4B55635E}.Release|x64.ActiveCfg = Release|Any CPU
		{37E38FFB-1D30-40BE-BA8A-8EAB4B55635E}.Release|x64.Build.0 = Release|Any CPU
		{37E38FFB-1D30-40BE-BA8A-8EAB4B55635E}.Release|x86.ActiveCfg = Release|Any CPU
		{37E38FFB-1D30-40BE-BA8A-8EAB4B55635E}.Release|x86.Build.0 = Release|Any CPU
	EndGlobalSection
	GlobalSection(SolutionProperties) = preSolution
		HideSolutionNode = FALSE
	EndGlobalSection
	GlobalSection(ExtensibilityGlobals) = postSolution
		SolutionGuid = {CFF979C2-EE64-42F5-BDCB-31AD9AC24063}
	EndGlobalSection
EndGlobal
